{
    "name": "create-func-vs-new",
    "version": "0.0.0",
    "lockfileVersion": 3,
    "requires": true,
    "packages": {
        "": {
            "name": "create-func-vs-new",
            "version": "0.0.0",
            "devDependencies": {
                "nodemark": "^0.3.0"
            }
        },
        "node_modules/nodemark": {
            "version": "0.3.0",
            "resolved": "https://registry.npmjs.org/nodemark/-/nodemark-0.3.0.tgz",
            "integrity": "sha512-ehT+NfV5liLY1sZVcosWiCViWHltQTnjsh/7GYkMkirzuyYw/K2VAbgwEIldAM1e9LJ3coGF6uBlTw1/EdZ1XA==",
            "dev": true
        }
    }
}
